{
  "name": "generate-random-message",
  "version": "1.0.0",
  "lockfileVersion": 2,
  "requires": true,
  "packages": {
    "": {
      "name": "generate-random-message",
      "version": "1.0.0",
      "license": "MIT",
      "dependencies": {
        "b": "^2.0.1",
        "g": "^2.0.1",
        "generate-random-message": "^1.0.0"
      },
      "bin": {
        "generate-random-message": "bin/global.js"
      }
    },
    "node_modules/b": {
      "version": "2.0.1",
      "resolved": "https://registry.npmjs.org/b/-/b-2.0.1.tgz",
      "integrity": "sha512-JBWAj6f91ocNLbdg1jCGrxHXSWbQDsxgqVmKeO0TellEcq9LCvJ97iWG6p3otCt/v08/hHrWwAB9vNYS9y70IQ==",
      "engines": {
        "node": ">= 0.8.0"
      }
    },
    "node_modules/g": {
      "version": "2.0.1",
      "resolved": "https://registry.npmjs.org/g/-/g-2.0.1.tgz",
      "integrity": "sha512-Fi6Ng5fZ/ANLQ15H11hCe+09sgUoNvDEBevVgx3KoYOhsH5iLNPn54hx0jPZ+3oSWr+xajnp2Qau9VmPsc7hTA=="
    },
    "node_modules/generate-random-message": {
      "version": "1.0.0",
      "resolved": "https://registry.npmjs.org/generate-random-message/-/generate-random-message-1.0.0.tgz",
      "integrity": "sha512-cMBVzEc7IwD6Y2v7QMungol5MmSD3BcEVPv5tR7cHbHwNUNBukntYQT+nR7JvgjiIfTcMbV/5iV0V7mMtiB7wQ==",
      "dependencies": {
        "g": "^2.0.1"
      },
      "bin": {
        "random-str-msg": "bin/global.js"
      }
    }
  },
  "dependencies": {
    "b": {
      "version": "2.0.1",
      "resolved": "https://registry.npmjs.org/b/-/b-2.0.1.tgz",
      "integrity": "sha512-JBWAj6f91ocNLbdg1jCGrxHXSWbQDsxgqVmKeO0TellEcq9LCvJ97iWG6p3otCt/v08/hHrWwAB9vNYS9y70IQ=="
    },
    "g": {
      "version": "2.0.1",
      "resolved": "https://registry.npmjs.org/g/-/g-2.0.1.tgz",
      "integrity": "sha512-Fi6Ng5fZ/ANLQ15H11hCe+09sgUoNvDEBevVgx3KoYOhsH5iLNPn54hx0jPZ+3oSWr+xajnp2Qau9VmPsc7hTA=="
    },
    "generate-random-message": {
      "version": "1.0.0",
      "resolved": "https://registry.npmjs.org/generate-random-message/-/generate-random-message-1.0.0.tgz",
      "integrity": "sha512-cMBVzEc7IwD6Y2v7QMungol5MmSD3BcEVPv5tR7cHbHwNUNBukntYQT+nR7JvgjiIfTcMbV/5iV0V7mMtiB7wQ==",
      "requires": {
        "g": "^2.0.1"
      }
    }
  }
}
